
Microsoft Visual Studio Solution File, Format Version 12.00
# Visual Studio Version 16
VisualStudioVersion = 16.0.31410.357
MinimumVisualStudioVersion = 10.0.40219.1
Project("{FAE04EC0-301F-11D3-BF4B-00C04F79EFBC}") = "AppStream", "AppStream\AppStream.csproj", "{4A992420-BFCE-4C3F-8DAB-B53CB5DBF078}"
EndProject
Global
	GlobalSection(SolutionConfigurationPlatforms) = preSolution
		Debug|Any CPU = Debug|Any CPU
		Release|Any CPU = Release|Any CPU
	EndGlobalSection
	GlobalSection(ProjectConfigurationPlatforms) = postSolution
		{4A992420-BFCE-4C3F-8DAB-B53CB5DBF078}.Debug|Any CPU.ActiveCfg = Debug|Any CPU
		{4A992420-BFCE-4C3F-8DAB-B53CB5DBF078}.Debug|Any CPU.Build.0 = Debug|Any CPU
		{4A992420-BFCE-4C3F-8DAB-B53CB5DBF078}.Release|Any CPU.ActiveCfg = Release|Any CPU
		{4A992420-BFCE-4C3F-8DAB-B53CB5DBF078}.Release|Any CPU.Build.0 = Release|Any CPU
	EndGlobalSection
	GlobalSection(SolutionProperties) = preSolution
		HideSolutionNode = FALSE
	EndGlobalSection
	GlobalSection(ExtensibilityGlobals) = postSolution
		SolutionGuid = {4AAA2C40-3FE9-4811-BFB7-582B1805B522}
	EndGlobalSection
EndGlobal
